# THIS IS AN AUTOGENERATED FILE. DO NOT EDIT THIS FILE DIRECTLY.
# yarn lockfile v1


rxjs@^5.4.0:
  version "5.4.0"
  resolved "https://registry.yarnpkg.com/rxjs/-/rxjs-5.4.0.tgz#a7db14ab157f9d7aac6a56e655e7a3860d39bf26"
  dependencies:
    symbol-observable "^1.0.1"

symbol-observable@^1.0.1:
  version "1.0.4"
  resolved "https://registry.yarnpkg.com/symbol-observable/-/symbol-observable-1.0.4.tgz#29bf615d4aa7121bdd898b22d4b3f9bc4e2aa03d"

typescript@^2.3.2:
  version "2.3.2"
  resolved "https://registry.yarnpkg.com/typescript/-/typescript-2.3.2.tgz#f0f045e196f69a72f06b25fd3bd39d01c3ce9984"
