# THIS IS AN AUTOGENERATED FILE. DO NOT EDIT THIS FILE DIRECTLY.
# yarn lockfile v1


"@angular/common@4.0.2":
  version "4.0.2"
  resolved "https://registry.yarnpkg.com/@angular/common/-/common-4.0.2.tgz#092b272f193d3ac9549b53792657e48e96f39f5d"

"@angular/compiler@4.0.2":
  version "4.0.2"
  resolved "https://registry.yarnpkg.com/@angular/compiler/-/compiler-4.0.2.tgz#729e0ead261232698678bbdd09d3d360dcd6f889"

"@angular/core@4.0.2":
  version "4.0.2"
  resolved "https://registry.yarnpkg.com/@angular/core/-/core-4.0.2.tgz#195153f8623b59f07c30b3b8954e14842c3959c3"

typescript@^2.2.2:
  version "2.2.2"
  resolved "https://registry.yarnpkg.com/typescript/-/typescript-2.2.2.tgz#606022508479b55ffa368b58fee963a03dfd7b0c"
