# THIS IS AN AUTOGENERATED FILE. DO NOT EDIT THIS FILE DIRECTLY.
# yarn lockfile v1


"@angular/common@4.0.1":
  version "4.0.1"
  resolved "https://registry.yarnpkg.com/@angular/common/-/common-4.0.1.tgz#df488eada842b2d841ded750712292b18387b5b0"

"@angular/compiler@4.0.1":
  version "4.0.1"
  resolved "https://registry.yarnpkg.com/@angular/compiler/-/compiler-4.0.1.tgz#15721edb148167a2d83b6f9324817e658eac8280"

"@angular/core@4.0.1":
  version "4.0.1"
  resolved "https://registry.yarnpkg.com/@angular/core/-/core-4.0.1.tgz#0b110a001012076ea696460ccd922707bcdf51ba"

"@angular/forms@4.0.1":
  version "4.0.1"
  resolved "https://registry.yarnpkg.com/@angular/forms/-/forms-4.0.1.tgz#b9ebdbbb8ace0f9a3bf9e53c299eafdfab1d5041"

"@angular/router@4.0.1":
  version "4.0.1"
  resolved "https://registry.yarnpkg.com/@angular/router/-/router-4.0.1.tgz#2d73a4b6c40e18d5cd0bfd1f20222af64a11c11e"

"@ngrx/core@1.2.0":
  version "1.2.0"
  resolved "https://registry.yarnpkg.com/@ngrx/core/-/core-1.2.0.tgz#882b46abafa2e0e6d887cb71a1b2c2fa3e6d0dc6"

"@ngrx/store-devtools@^3.2.4":
  version "3.2.4"
  resolved "https://registry.yarnpkg.com/@ngrx/store-devtools/-/store-devtools-3.2.4.tgz#2ce4d13bf34848a9e51ec87e3b125ed67b51e550"

"@ngrx/store@2.2.1":
  version "2.2.1"
  resolved "https://registry.yarnpkg.com/@ngrx/store/-/store-2.2.1.tgz#316ec1e43aa5a0166e5e6e1aa2c34a4049386510"

deep-freeze-strict@^1.1.1:
  version "1.1.1"
  resolved "https://registry.yarnpkg.com/deep-freeze-strict/-/deep-freeze-strict-1.1.1.tgz#77d0583ca24a69be4bbd9ac2fae415d55523e5b0"

lodash@4.17.4:
  version "4.17.4"
  resolved "https://registry.yarnpkg.com/lodash/-/lodash-4.17.4.tgz#78203a4d1c328ae1d86dca6460e369b57f4055ae"

moment@2.17.1:
  version "2.17.1"
  resolved "https://registry.yarnpkg.com/moment/-/moment-2.17.1.tgz#fed9506063f36b10f066c8b59a144d7faebe1d82"

ngrx-store-freeze@^0.1.9:
  version "0.1.9"
  resolved "https://registry.yarnpkg.com/ngrx-store-freeze/-/ngrx-store-freeze-0.1.9.tgz#b20f18f21fd5efc4e1b1e05f6f279674d0f70c81"
  dependencies:
    deep-freeze-strict "^1.1.1"

rxjs@^5.1.0:
  version "5.3.0"
  resolved "https://registry.yarnpkg.com/rxjs/-/rxjs-5.3.0.tgz#d88ccbdd46af290cbdb97d5d8055e52453fabe2d"
  dependencies:
    symbol-observable "^1.0.1"

symbol-observable@^1.0.1:
  version "1.0.4"
  resolved "https://registry.yarnpkg.com/symbol-observable/-/symbol-observable-1.0.4.tgz#29bf615d4aa7121bdd898b22d4b3f9bc4e2aa03d"

typescript@~2.2.0:
  version "2.2.2"
  resolved "https://registry.yarnpkg.com/typescript/-/typescript-2.2.2.tgz#606022508479b55ffa368b58fee963a03dfd7b0c"
